
Microsoft Visual Studio Solution File, Format Version 12.00
# Visual Studio Version 17
VisualStudioVersion = 17.10.34916.146
MinimumVisualStudioVersion = 10.0.40219.1
Project("{8BC9CEB8-8B4A-11D0-8D11-00A0C91BC942}") = "2-9", "2-9.vcxproj", "{175C216A-DB14-49D6-86F9-C54ADE8BA390}"
EndProject
Global
	GlobalSection(SolutionConfigurationPlatforms) = preSolution
		Debug|x64 = Debug|x64
		Debug|x86 = Debug|x86
		Release|x64 = Release|x64
		Release|x86 = Release|x86
	EndGlobalSection
	GlobalSection(ProjectConfigurationPlatforms) = postSolution
		{175C216A-DB14-49D6-86F9-C54ADE8BA390}.Debug|x64.ActiveCfg = Debug|x64
		{175C216A-DB14-49D6-86F9-C54ADE8BA390}.Debug|x64.Build.0 = Debug|x64
		{175C216A-DB14-49D6-86F9-C54ADE8BA390}.Debug|x86.ActiveCfg = Debug|Win32
		{175C216A-DB14-49D6-86F9-C54ADE8BA390}.Debug|x86.Build.0 = Debug|Win32
		{175C216A-DB14-49D6-86F9-C54ADE8BA390}.Release|x64.ActiveCfg = Release|x64
		{175C216A-DB14-49D6-86F9-C54ADE8BA390}.Release|x64.Build.0 = Release|x64
		{175C216A-DB14-49D6-86F9-C54ADE8BA390}.Release|x86.ActiveCfg = Release|Win32
		{175C216A-DB14-49D6-86F9-C54ADE8BA390}.Release|x86.Build.0 = Release|Win32
	EndGlobalSection
	GlobalSection(SolutionProperties) = preSolution
		HideSolutionNode = FALSE
	EndGlobalSection
	GlobalSection(ExtensibilityGlobals) = postSolution
		SolutionGuid = {69A3B326-83E2-4EE9-B09D-7B552AFCA3C1}
	EndGlobalSection
EndGlobal
